
Microsoft Visual Studio Solution File, Format Version 12.00
# Visual Studio Version 17
VisualStudioVersion = 17.11.35222.181
MinimumVisualStudioVersion = 10.0.40219.1
Project("{FAE04EC0-301F-11D3-BF4B-00C04F79EFBC}") = "PRTGService", "PRTGService\PRTGService.csproj", "{2B83C19C-32B4-410E-B06D-9BC3B9F680E1}"
EndProject
Project("{FAE04EC0-301F-11D3-BF4B-00C04F79EFBC}") = "Configurator", "Configurator\Configurator.csproj", "{24F865FE-53CD-4D60-8879-939ECA8EF444}"
EndProject
Global
	GlobalSection(SolutionConfigurationPlatforms) = preSolution
		Debug|Any CPU = Debug|Any CPU
		Release|Any CPU = Release|Any CPU
	EndGlobalSection
	GlobalSection(ProjectConfigurationPlatforms) = postSolution
		{2B83C19C-32B4-410E-B06D-9BC3B9F680E1}.Debug|Any CPU.ActiveCfg = Debug|Any CPU
		{2B83C19C-32B4-410E-B06D-9BC3B9F680E1}.Debug|Any CPU.Build.0 = Debug|Any CPU
		{2B83C19C-32B4-410E-B06D-9BC3B9F680E1}.Release|Any CPU.ActiveCfg = Release|Any CPU
		{2B83C19C-32B4-410E-B06D-9BC3B9F680E1}.Release|Any CPU.Build.0 = Release|Any CPU
		{24F865FE-53CD-4D60-8879-939ECA8EF444}.Debug|Any CPU.ActiveCfg = Debug|Any CPU
		{24F865FE-53CD-4D60-8879-939ECA8EF444}.Debug|Any CPU.Build.0 = Debug|Any CPU
		{24F865FE-53CD-4D60-8879-939ECA8EF444}.Release|Any CPU.ActiveCfg = Release|Any CPU
		{24F865FE-53CD-4D60-8879-939ECA8EF444}.Release|Any CPU.Build.0 = Release|Any CPU
	EndGlobalSection
	GlobalSection(SolutionProperties) = preSolution
		HideSolutionNode = FALSE
	EndGlobalSection
	GlobalSection(ExtensibilityGlobals) = postSolution
		SolutionGuid = {C7335D06-F99B-47B9-BDCE-36E812ACB627}
	EndGlobalSection
EndGlobal
